
Microsoft Visual Studio Solution File, Format Version 12.00
# Visual Studio Version 17
VisualStudioVersion = 17.6.33829.357
MinimumVisualStudioVersion = 10.0.40219.1
Project("{C9674DCB-5085-4A16-B785-4C70DD1589BD}") = "ETL_DanielWu", "ETL_DanielWu.dtproj", "{27072AE1-8E59-4B1A-B984-8983F4A63972}"
EndProject
Global
	GlobalSection(SolutionConfigurationPlatforms) = preSolution
		Development|Default = Development|Default
	EndGlobalSection
	GlobalSection(ProjectConfigurationPlatforms) = postSolution
		{27072AE1-8E59-4B1A-B984-8983F4A63972}.Development|Default.ActiveCfg = Development
		{27072AE1-8E59-4B1A-B984-8983F4A63972}.Development|Default.Build.0 = Development
	EndGlobalSection
	GlobalSection(SolutionProperties) = preSolution
		HideSolutionNode = FALSE
	EndGlobalSection
	GlobalSection(ExtensibilityGlobals) = postSolution
		SolutionGuid = {CCF157F0-26FD-4938-A105-8DD49B559963}
	EndGlobalSection
EndGlobal
